
Microsoft Visual Studio Solution File, Format Version 12.00
# Visual Studio Version 17
VisualStudioVersion = 17.0.31903.59
MinimumVisualStudioVersion = 10.0.40219.1
Project("{2150E333-8FDC-42A3-9474-1A3956D46DE8}") = "SolutionItems", "SolutionItems", "{943C9206-BCC1-4EEF-8E56-9899DBC0913F}"
	ProjectSection(SolutionItems) = preProject
		..\createsolutionandprojects_RP.cmd = ..\createsolutionandprojects_RP.cmd
		..\createsolutionandprojects_RP.ps1 = ..\createsolutionandprojects_RP.ps1
		..\createsolutionandprojects_RP.sh = ..\createsolutionandprojects_RP.sh
		..\..\global.json = ..\..\global.json
		..\..\nuget.config = ..\..\nuget.config
		RP_Lab7.txt = RP_Lab7.txt
	EndProjectSection
EndProject
Project("{9A19103F-16F7-4668-BE54-9A1E7A4F7556}") = "AutoLot.Services", "AutoLot.Services\AutoLot.Services.csproj", "{C7277B36-E6CC-4EB4-B619-7A8DF23D79B8}"
EndProject
Project("{9A19103F-16F7-4668-BE54-9A1E7A4F7556}") = "AutoLot.Web", "AutoLot.Web\AutoLot.Web.csproj", "{EB173266-0ED0-4CBD-8A8A-402EEF8C4941}"
EndProject
Project("{9A19103F-16F7-4668-BE54-9A1E7A4F7556}") = "AutoLot.Models", "..\..\B_EFCore\Lab_EF08\AutoLot.Models\AutoLot.Models.csproj", "{BB96F0FF-2995-4F50-A4AD-865D2ACBE34B}"
EndProject
Project("{9A19103F-16F7-4668-BE54-9A1E7A4F7556}") = "AutoLot.Dal", "..\..\B_EFCore\Lab_EF08\AutoLot.Dal\AutoLot.Dal.csproj", "{851E84A5-BE12-4EC9-BD03-58B7E6375BEC}"
EndProject
Project("{9A19103F-16F7-4668-BE54-9A1E7A4F7556}") = "AutoLot.Dal.Tests", "..\..\B_EFCore\Lab_EF08\AutoLot.Dal.Tests\AutoLot.Dal.Tests.csproj", "{BDEDC5E7-233A-4B5E-8290-2DA259A64ED5}"
EndProject
Global
	GlobalSection(SolutionConfigurationPlatforms) = preSolution
		Debug|Any CPU = Debug|Any CPU
		Release|Any CPU = Release|Any CPU
	EndGlobalSection
	GlobalSection(ProjectConfigurationPlatforms) = postSolution
		{C7277B36-E6CC-4EB4-B619-7A8DF23D79B8}.Debug|Any CPU.ActiveCfg = Debug|Any CPU
		{C7277B36-E6CC-4EB4-B619-7A8DF23D79B8}.Debug|Any CPU.Build.0 = Debug|Any CPU
		{C7277B36-E6CC-4EB4-B619-7A8DF23D79B8}.Release|Any CPU.ActiveCfg = Release|Any CPU
		{C7277B36-E6CC-4EB4-B619-7A8DF23D79B8}.Release|Any CPU.Build.0 = Release|Any CPU
		{EB173266-0ED0-4CBD-8A8A-402EEF8C4941}.Debug|Any CPU.ActiveCfg = Debug|Any CPU
		{EB173266-0ED0-4CBD-8A8A-402EEF8C4941}.Debug|Any CPU.Build.0 = Debug|Any CPU
		{EB173266-0ED0-4CBD-8A8A-402EEF8C4941}.Release|Any CPU.ActiveCfg = Release|Any CPU
		{EB173266-0ED0-4CBD-8A8A-402EEF8C4941}.Release|Any CPU.Build.0 = Release|Any CPU
		{BB96F0FF-2995-4F50-A4AD-865D2ACBE34B}.Debug|Any CPU.ActiveCfg = Debug|Any CPU
		{BB96F0FF-2995-4F50-A4AD-865D2ACBE34B}.Debug|Any CPU.Build.0 = Debug|Any CPU
		{BB96F0FF-2995-4F50-A4AD-865D2ACBE34B}.Release|Any CPU.ActiveCfg = Release|Any CPU
		{BB96F0FF-2995-4F50-A4AD-865D2ACBE34B}.Release|Any CPU.Build.0 = Release|Any CPU
		{851E84A5-BE12-4EC9-BD03-58B7E6375BEC}.Debug|Any CPU.ActiveCfg = Debug|Any CPU
		{851E84A5-BE12-4EC9-BD03-58B7E6375BEC}.Debug|Any CPU.Build.0 = Debug|Any CPU
		{851E84A5-BE12-4EC9-BD03-58B7E6375BEC}.Release|Any CPU.ActiveCfg = Release|Any CPU
		{851E84A5-BE12-4EC9-BD03-58B7E6375BEC}.Release|Any CPU.Build.0 = Release|Any CPU
		{BDEDC5E7-233A-4B5E-8290-2DA259A64ED5}.Debug|Any CPU.ActiveCfg = Debug|Any CPU
		{BDEDC5E7-233A-4B5E-8290-2DA259A64ED5}.Debug|Any CPU.Build.0 = Debug|Any CPU
		{BDEDC5E7-233A-4B5E-8290-2DA259A64ED5}.Release|Any CPU.ActiveCfg = Release|Any CPU
		{BDEDC5E7-233A-4B5E-8290-2DA259A64ED5}.Release|Any CPU.Build.0 = Release|Any CPU
	EndGlobalSection
	GlobalSection(SolutionProperties) = preSolution
		HideSolutionNode = FALSE
	EndGlobalSection
	GlobalSection(ExtensibilityGlobals) = postSolution
		SolutionGuid = {CD003FB0-55D8-4BC0-9394-BE4543C014B9}
	EndGlobalSection
EndGlobal
